// !$*UTF8*$!
{
	archiveVersion = 1;
	classes = {
	};
	objectVersion = 56;
	objects = {

/* Begin PBXBuildFile section */
		AEFF8B302C09B33100F20364 /* AppDelegate.swift in Sources */ = {isa = PBXBuildFile; fileRef = AEFF8B2F2C09B33100F20364 /* AppDelegate.swift */; };
		AEFF8B322C09B33100F20364 /* SceneDelegate.swift in Sources */ = {isa = PBXBuildFile; fileRef = AEFF8B312C09B33100F20364 /* SceneDelegate.swift */; };
		AEFF8B342C09B33100F20364 /* ViewController.swift in Sources */ = {isa = PBXBuildFile; fileRef = AEFF8B332C09B33100F20364 /* ViewController.swift */; };
		AEFF8B372C09B33100F20364 /* Base in Resources */ = {isa = PBXBuildFile; fileRef = AEFF8B362C09B33100F20364 /* Base */; };
		AEFF8B392C09B33200F20364 /* Assets.xcassets in Resources */ = {isa = PBXBuildFile; fileRef = AEFF8B382C09B33200F20364 /* Assets.xcassets */; };
		AEFF8B3C2C09B33200F20364 /* Base in Resources */ = {isa = PBXBuildFile; fileRef = AEFF8B3B2C09B33200F20364 /* Base */; };
		AEFF8B472C09B33200F20364 /* JobApplicationTaskTests.swift in Sources */ = {isa = PBXBuildFile; fileRef = AEFF8B462C09B33200F20364 /* JobApplicationTaskTests.swift */; };
		AEFF8B512C09B33200F20364 /* JobApplicationTaskUITests.swift in Sources */ = {isa = PBXBuildFile; fileRef = AEFF8B502C09B33200F20364 /* JobApplicationTaskUITests.swift */; };
		AEFF8B532C09B33200F20364 /* JobApplicationTaskUITestsLaunchTests.swift in Sources */ = {isa = PBXBuildFile; fileRef = AEFF8B522C09B33200F20364 /* JobApplicationTaskUITestsLaunchTests.swift */; };
/* End PBXBuildFile section */

/* Begin PBXContainerItemProxy section */
		AEFF8B432C09B33200F20364 /* PBXContainerItemProxy */ = {
			isa = PBXContainerItemProxy;
			containerPortal = AEFF8B242C09B33100F20364 /* Project object */;
			proxyType = 1;
			remoteGlobalIDString = AEFF8B2B2C09B33100F20364;
			remoteInfo = JobApplicationTask;
		};
		AEFF8B4D2C09B33200F20364 /* PBXContainerItemProxy */ = {
			isa = PBXContainerItemProxy;
			containerPortal = AEFF8B242C09B33100F20364 /* Project object */;
			proxyType = 1;
			remoteGlobalIDString = AEFF8B2B2C09B33100F20364;
			remoteInfo = JobApplicationTask;
		};
/* End PBXContainerItemProxy section */

/* Begin PBXFileReference section */
		AEFF8B2C2C09B33100F20364 /* JobApplicationTask.app */ = {isa = PBXFileReference; explicitFileType = wrapper.application; includeInIndex = 0; path = JobApplicationTask.app; sourceTree = BUILT_PRODUCTS_DIR; };
		AEFF8B2F2C09B33100F20364 /* AppDelegate.swift */ = {isa = PBXFileReference; lastKnownFileType = sourcecode.swift; path = AppDelegate.swift; sourceTree = "<group>"; };
		AEFF8B312C09B33100F20364 /* SceneDelegate.swift */ = {isa = PBXFileReference; lastKnownFileType = sourcecode.swift; path = SceneDelegate.swift; sourceTree = "<group>"; };
		AEFF8B332C09B33100F20364 /* ViewController.swift */ = {isa = PBXFileReference; lastKnownFileType = sourcecode.swift; path = ViewController.swift; sourceTree = "<group>"; };
		AEFF8B362C09B33100F20364 /* Base */ = {isa = PBXFileReference; lastKnownFileType = file.storyboard; name = Base; path = Base.lproj/Main.storyboard; sourceTree = "<group>"; };
		AEFF8B382C09B33200F20364 /* Assets.xcassets */ = {isa = PBXFileReference; lastKnownFileType = folder.assetcatalog; path = Assets.xcassets; sourceTree = "<group>"; };
		AEFF8B3B2C09B33200F20364 /* Base */ = {isa = PBXFileReference; lastKnownFileType = file.storyboard; name = Base; path = Base.lproj/LaunchScreen.storyboard; sourceTree = "<group>"; };
		AEFF8B3D2C09B33200F20364 /* Info.plist */ = {isa = PBXFileReference; lastKnownFileType = text.plist.xml; path = Info.plist; sourceTree = "<group>"; };
		AEFF8B422C09B33200F20364 /* JobApplicationTaskTests.xctest */ = {isa = PBXFileReference; explicitFileType = wrapper.cfbundle; includeInIndex = 0; path = JobApplicationTaskTests.xctest; sourceTree = BUILT_PRODUCTS_DIR; };
		AEFF8B462C09B33200F20364 /* JobApplicationTaskTests.swift */ = {isa = PBXFileReference; lastKnownFileType = sourcecode.swift; path = JobApplicationTaskTests.swift; sourceTree = "<group>"; };
		AEFF8B4C2C09B33200F20364 /* JobApplicationTaskUITests.xctest */ = {isa = PBXFileReference; explicitFileType = wrapper.cfbundle; includeInIndex = 0; path = JobApplicationTaskUITests.xctest; sourceTree = BUILT_PRODUCTS_DIR; };
		AEFF8B502C09B33200F20364 /* JobApplicationTaskUITests.swift */ = {isa = PBXFileReference; lastKnownFileType = sourcecode.swift; path = JobApplicationTaskUITests.swift; sourceTree = "<group>"; };
		AEFF8B522C09B33200F20364 /* JobApplicationTaskUITestsLaunchTests.swift */ = {isa = PBXFileReference; lastKnownFileType = sourcecode.swift; path = JobApplicationTaskUITestsLaunchTests.swift; sourceTree = "<group>"; };
/* End PBXFileReference section */

/* Begin PBXFrameworksBuildPhase section */
		AEFF8B292C09B33100F20364 /* Frameworks */ = {
			isa = PBXFrameworksBuildPhase;
			buildActionMask = 2147483647;
			files = (
			);
			runOnlyForDeploymentPostprocessing = 0;
		};
		AEFF8B3F2C09B33200F20364 /* Frameworks */ = {
			isa = PBXFrameworksBuildPhase;
			buildActionMask = 2147483647;
			files = (
			);
			runOnlyForDeploymentPostprocessing = 0;
		};
		AEFF8B492C09B33200F20364 /* Frameworks */ = {
			isa = PBXFrameworksBuildPhase;
			buildActionMask = 2147483647;
			files = (
			);
			runOnlyForDeploymentPostprocessing = 0;
		};
/* End PBXFrameworksBuildPhase section */

/* Begin PBXGroup section */
		AEFF8B232C09B33100F20364 = {
			isa = PBXGroup;
			children = (
				AEFF8B2E2C09B33100F20364 /* JobApplicationTask */,
				AEFF8B452C09B33200F20364 /* JobApplicationTaskTests */,
				AEFF8B4F2C09B33200F20364 /* JobApplicationTaskUITests */,
				AEFF8B2D2C09B33100F20364 /* Products */,
			);
			sourceTree = "<group>";
		};
		AEFF8B2D2C09B33100F20364 /* Products */ = {
			isa = PBXGroup;
			children = (
				AEFF8B2C2C09B33100F20364 /* JobApplicationTask.app */,
				AEFF8B422C09B33200F20364 /* JobApplicationTaskTests.xctest */,
				AEFF8B4C2C09B33200F20364 /* JobApplicationTaskUITests.xctest */,
			);
			name = Products;
			sourceTree = "<group>";
		};
		AEFF8B2E2C09B33100F20364 /* JobApplicationTask */ = {
			isa = PBXGroup;
			children = (
				AEFF8B2F2C09B33100F20364 /* AppDelegate.swift */,
				AEFF8B312C09B33100F20364 /* SceneDelegate.swift */,
				AEFF8B332C09B33100F20364 /* ViewController.swift */,
				AEFF8B352C09B33100F20364 /* Main.storyboard */,
				AEFF8B382C09B33200F20364 /* Assets.xcassets */,
				AEFF8B3A2C09B33200F20364 /* LaunchScreen.storyboard */,
				AEFF8B3D2C09B33200F20364 /* Info.plist */,
			);
			path = JobApplicationTask;
			sourceTree = "<group>";
		};
		AEFF8B452C09B33200F20364 /* JobApplicationTaskTests */ = {
			isa = PBXGroup;
			children = (
				AEFF8B462C09B33200F20364 /* JobApplicationTaskTests.swift */,
			);
			path = JobApplicationTaskTests;
			sourceTree = "<group>";
		};
		AEFF8B4F2C09B33200F20364 /* JobApplicationTaskUITests */ = {
			isa = PBXGroup;
			children = (
				AEFF8B502C09B33200F20364 /* JobApplicationTaskUITests.swift */,
				AEFF8B522C09B33200F20364 /* JobApplicationTaskUITestsLaunchTests.swift */,
			);
			path = JobApplicationTaskUITests;
			sourceTree = "<group>";
		};
/* End PBXGroup section */

/* Begin PBXNativeTarget section */
		AEFF8B2B2C09B33100F20364 /* JobApplicationTask */ = {
			isa = PBXNativeTarget;
			buildConfigurationList = AEFF8B562C09B33200F20364 /* Build configuration list for PBXNativeTarget "JobApplicationTask" */;
			buildPhases = (
				AEFF8B282C09B33100F20364 /* Sources */,
				AEFF8B292C09B33100F20364 /* Frameworks */,
				AEFF8B2A2C09B33100F20364 /* Resources */,
			);
			buildRules = (
			);
			dependencies = (
			);
			name = JobApplicationTask;
			productName = JobApplicationTask;
			productReference = AEFF8B2C2C09B33100F20364 /* JobApplicationTask.app */;
			productType = "com.apple.product-type.application";
		};
		AEFF8B412C09B33200F20364 /* JobApplicationTaskTests */ = {
			isa = PBXNativeTarget;
			buildConfigurationList = AEFF8B592C09B33200F20364 /* Build configuration list for PBXNativeTarget "JobApplicationTaskTests" */;
			buildPhases = (
				AEFF8B3E2C09B33200F20364 /* Sources */,
				AEFF8B3F2C09B33200F20364 /* Frameworks */,
				AEFF8B402C09B33200F20364 /* Resources */,
			);
			buildRules = (
			);
			dependencies = (
				AEFF8B442C09B33200F20364 /* PBXTargetDependency */,
			);
			name = JobApplicationTaskTests;
			productName = JobApplicationTaskTests;
			productReference = AEFF8B422C09B33200F20364 /* JobApplicationTaskTests.xctest */;
			productType = "com.apple.product-type.bundle.unit-test";
		};
		AEFF8B4B2C09B33200F20364 /* JobApplicationTaskUITests */ = {
			isa = PBXNativeTarget;
			buildConfigurationList = AEFF8B5C2C09B33200F20364 /* Build configuration list for PBXNativeTarget "JobApplicationTaskUITests" */;
			buildPhases = (
				AEFF8B482C09B33200F20364 /* Sources */,
				AEFF8B492C09B33200F20364 /* Frameworks */,
				AEFF8B4A2C09B33200F20364 /* Resources */,
			);
			buildRules = (
			);
			dependencies = (
				AEFF8B4E2C09B33200F20364 /* PBXTargetDependency */,
			);
			name = JobApplicationTaskUITests;
			productName = JobApplicationTaskUITests;
			productReference = AEFF8B4C2C09B33200F20364 /* JobApplicationTaskUITests.xctest */;
			productType = "com.apple.product-type.bundle.ui-testing";
		};
/* End PBXNativeTarget section */

/* Begin PBXProject section */
		AEFF8B242C09B33100F20364 /* Project object */ = {
			isa = PBXProject;
			attributes = {
				BuildIndependentTargetsInParallel = 1;
				LastSwiftUpdateCheck = 1530;
				LastUpgradeCheck = 1530;
				TargetAttributes = {
					AEFF8B2B2C09B33100F20364 = {
						CreatedOnToolsVersion = 15.3;
					};
					AEFF8B412C09B33200F20364 = {
						CreatedOnToolsVersion = 15.3;
						TestTargetID = AEFF8B2B2C09B33100F20364;
					};
					AEFF8B4B2C09B33200F20364 = {
						CreatedOnToolsVersion = 15.3;
						TestTargetID = AEFF8B2B2C09B33100F20364;
					};
				};
			};
			buildConfigurationList = AEFF8B272C09B33100F20364 /* Build configuration list for PBXProject "JobApplicationTask" */;
			compatibilityVersion = "Xcode 14.0";
			developmentRegion = en;
			hasScannedForEncodings = 0;
			knownRegions = (
				en,
				Base,
			);
			mainGroup = AEFF8B232C09B33100F20364;
			productRefGroup = AEFF8B2D2C09B33100F20364 /* Products */;
			projectDirPath = "";
			projectRoot = "";
			targets = (
				AEFF8B2B2C09B33100F20364 /* JobApplicationTask */,
				AEFF8B412C09B33200F20364 /* JobApplicationTaskTests */,
				AEFF8B4B2C09B33200F20364 /* JobApplicationTaskUITests */,
			);
		};
/* End PBXProject section */

/* Begin PBXResourcesBuildPhase section */
		AEFF8B2A2C09B33100F20364 /* Resources */ = {
			isa = PBXResourcesBuildPhase;
			buildActionMask = 2147483647;
			files = (
				AEFF8B392C09B33200F20364 /* Assets.xcassets in Resources */,
				AEFF8B3C2C09B33200F20364 /* Base in Resources */,
				AEFF8B372C09B33100F20364 /* Base in Resources */,
			);
			runOnlyForDeploymentPostprocessing = 0;
		};
		AEFF8B402C09B33200F20364 /* Resources */ = {
			isa = PBXResourcesBuildPhase;
			buildActionMask = 2147483647;
			files = (
			);
			runOnlyForDeploymentPostprocessing = 0;
		};
		AEFF8B4A2C09B33200F20364 /* Resources */ = {
			isa = PBXResourcesBuildPhase;
			buildActionMask = 2147483647;
			files = (
			);
			runOnlyForDeploymentPostprocessing = 0;
		};
/* End PBXResourcesBuildPhase section */

/* Begin PBXSourcesBuildPhase section */
		AEFF8B282C09B33100F20364 /* Sources */ = {
			isa = PBXSourcesBuildPhase;
			buildActionMask = 2147483647;
			files = (
				AEFF8B342C09B33100F20364 /* ViewController.swift in Sources */,
				AEFF8B302C09B33100F20364 /* AppDelegate.swift in Sources */,
				AEFF8B322C09B33100F20364 /* SceneDelegate.swift in Sources */,
			);
			runOnlyForDeploymentPostprocessing = 0;
		};
		AEFF8B3E2C09B33200F20364 /* Sources */ = {
			isa = PBXSourcesBuildPhase;
			buildActionMask = 2147483647;
			files = (
				AEFF8B472C09B33200F20364 /* JobApplicationTaskTests.swift in Sources */,
			);
			runOnlyForDeploymentPostprocessing = 0;
		};
		AEFF8B482C09B33200F20364 /* Sources */ = {
			isa = PBXSourcesBuildPhase;
			buildActionMask = 2147483647;
			files = (
				AEFF8B532C09B33200F20364 /* JobApplicationTaskUITestsLaunchTests.swift in Sources */,
				AEFF8B512C09B33200F20364 /* JobApplicationTaskUITests.swift in Sources */,
			);
			runOnlyForDeploymentPostprocessing = 0;
		};
/* End PBXSourcesBuildPhase section */

/* Begin PBXTargetDependency section */
		AEFF8B442C09B33200F20364 /* PBXTargetDependency */ = {
			isa = PBXTargetDependency;
			target = AEFF8B2B2C09B33100F20364 /* JobApplicationTask */;
			targetProxy = AEFF8B432C09B33200F20364 /* PBXContainerItemProxy */;
		};
		AEFF8B4E2C09B33200F20364 /* PBXTargetDependency */ = {
			isa = PBXTargetDependency;
			target = AEFF8B2B2C09B33100F20364 /* JobApplicationTask */;
			targetProxy = AEFF8B4D2C09B33200F20364 /* PBXContainerItemProxy */;
		};
/* End PBXTargetDependency section */

/* Begin PBXVariantGroup section */
		AEFF8B352C09B33100F20364 /* Main.storyboard */ = {
			isa = PBXVariantGroup;
			children = (
				AEFF8B362C09B33100F20364 /* Base */,
			);
			name = Main.storyboard;
			sourceTree = "<group>";
		};
		AEFF8B3A2C09B33200F20364 /* LaunchScreen.storyboard */ = {
			isa = PBXVariantGroup;
			children = (
				AEFF8B3B2C09B33200F20364 /* Base */,
			);
			name = LaunchScreen.storyboard;
			sourceTree = "<group>";
		};
/* End PBXVariantGroup section */

/* Begin XCBuildConfiguration section */
		AEFF8B542C09B33200F20364 /* Debug */ = {
			isa = XCBuildConfiguration;
			buildSettings = {
				ALWAYS_SEARCH_USER_PATHS = NO;
				ASSETCATALOG_COMPILER_GENERATE_SWIFT_ASSET_SYMBOL_EXTENSIONS = YES;
				CLANG_ANALYZER_NONNULL = YES;
				CLANG_ANALYZER_NUMBER_OBJECT_CONVERSION = YES_AGGRESSIVE;
				CLANG_CXX_LANGUAGE_STANDARD = "gnu++20";
				CLANG_ENABLE_MODULES = YES;
				CLANG_ENABLE_OBJC_ARC = YES;
				CLANG_ENABLE_OBJC_WEAK = YES;
				CLANG_WARN_BLOCK_CAPTURE_AUTORELEASING = YES;
				CLANG_WARN_BOOL_CONVERSION = YES;
				CLANG_WARN_COMMA = YES;
				CLANG_WARN_CONSTANT_CONVERSION = YES;
				CLANG_WARN_DEPRECATED_OBJC_IMPLEMENTATIONS = YES;
				CLANG_WARN_DIRECT_OBJC_ISA_USAGE = YES_ERROR;
				CLANG_WARN_DOCUMENTATION_COMMENTS = YES;
				CLANG_WARN_EMPTY_BODY = YES;
				CLANG_WARN_ENUM_CONVERSION = YES;
				CLANG_WARN_INFINITE_RECURSION = YES;
				CLANG_WARN_INT_CONVERSION = YES;
				CLANG_WARN_NON_LITERAL_NULL_CONVERSION = YES;
				CLANG_WARN_OBJC_IMPLICIT_RETAIN_SELF = YES;
				CLANG_WARN_OBJC_LITERAL_CONVERSION = YES;
				CLANG_WARN_OBJC_ROOT_CLASS = YES_ERROR;
				CLANG_WARN_QUOTED_INCLUDE_IN_FRAMEWORK_HEADER = YES;
				CLANG_WARN_RANGE_LOOP_ANALYSIS = YES;
				CLANG_WARN_STRICT_PROTOTYPES = YES;
				CLANG_WARN_SUSPICIOUS_MOVE = YES;
				CLANG_WARN_UNGUARDED_AVAILABILITY = YES_AGGRESSIVE;
				CLANG_WARN_UNREACHABLE_CODE = YES;
				CLANG_WARN__DUPLICATE_METHOD_MATCH = YES;
				COPY_PHASE_STRIP = NO;
				DEBUG_INFORMATION_FORMAT = dwarf;
				ENABLE_STRICT_OBJC_MSGSEND = YES;
				ENABLE_TESTABILITY = YES;
				ENABLE_USER_SCRIPT_SANDBOXING = YES;
				GCC_C_LANGUAGE_STANDARD = gnu17;
				GCC_DYNAMIC_NO_PIC = NO;
				GCC_NO_COMMON_BLOCKS = YES;
				GCC_OPTIMIZATION_LEVEL = 0;
				GCC_PREPROCESSOR_DEFINITIONS = (
					"DEBUG=1",
					"$(inherited)",
				);
				GCC_WARN_64_TO_32_BIT_CONVERSION = YES;
				GCC_WARN_ABOUT_RETURN_TYPE = YES_ERROR;
				GCC_WARN_UNDECLARED_SELECTOR = YES;
				GCC_WARN_UNINITIALIZED_AUTOS = YES_AGGRESSIVE;
				GCC_WARN_UNUSED_FUNCTION = YES;
				GCC_WARN_UNUSED_VARIABLE = YES;
				IPHONEOS_DEPLOYMENT_TARGET = 17.4;
				LOCALIZATION_PREFERS_STRING_CATALOGS = YES;
				MTL_ENABLE_DEBUG_INFO = INCLUDE_SOURCE;
				MTL_FAST_MATH = YES;
				ONLY_ACTIVE_ARCH = YES;
				SDKROOT = iphoneos;
				SWIFT_ACTIVE_COMPILATION_CONDITIONS = "DEBUG $(inherited)";
				SWIFT_OPTIMIZATION_LEVEL = "-Onone";
			};
			name = Debug;
		};
		AEFF8B552C09B33200F20364 /* Release */ = {
			isa = XCBuildConfiguration;
			buildSettings = {
				ALWAYS_SEARCH_USER_PATHS = NO;
				ASSETCATALOG_COMPILER_GENERATE_SWIFT_ASSET_SYMBOL_EXTENSIONS = YES;
				CLANG_ANALYZER_NONNULL = YES;
				CLANG_ANALYZER_NUMBER_OBJECT_CONVERSION = YES_AGGRESSIVE;
				CLANG_CXX_LANGUAGE_STANDARD = "gnu++20";
				CLANG_ENABLE_MODULES = YES;
				CLANG_ENABLE_OBJC_ARC = YES;
				CLANG_ENABLE_OBJC_WEAK = YES;
				CLANG_WARN_BLOCK_CAPTURE_AUTORELEASING = YES;
				CLANG_WARN_BOOL_CONVERSION = YES;
				CLANG_WARN_COMMA = YES;
				CLANG_WARN_CONSTANT_CONVERSION = YES;
				CLANG_WARN_DEPRECATED_OBJC_IMPLEMENTATIONS = YES;
				CLANG_WARN_DIRECT_OBJC_ISA_USAGE = YES_ERROR;
				CLANG_WARN_DOCUMENTATION_COMMENTS = YES;
				CLANG_WARN_EMPTY_BODY = YES;
				CLANG_WARN_ENUM_CONVERSION = YES;
				CLANG_WARN_INFINITE_RECURSION = YES;
				CLANG_WARN_INT_CONVERSION = YES;
				CLANG_WARN_NON_LITERAL_NULL_CONVERSION = YES;
				CLANG_WARN_OBJC_IMPLICIT_RETAIN_SELF = YES;
				CLANG_WARN_OBJC_LITERAL_CONVERSION = YES;
				CLANG_WARN_OBJC_ROOT_CLASS = YES_ERROR;
				CLANG_WARN_QUOTED_INCLUDE_IN_FRAMEWORK_HEADER = YES;
				CLANG_WARN_RANGE_LOOP_ANALYSIS = YES;
				CLANG_WARN_STRICT_PROTOTYPES = YES;
				CLANG_WARN_SUSPICIOUS_MOVE = YES;
				CLANG_WARN_UNGUARDED_AVAILABILITY = YES_AGGRESSIVE;
				CLANG_WARN_UNREACHABLE_CODE = YES;
				CLANG_WARN__DUPLICATE_METHOD_MATCH = YES;
				COPY_PHASE_STRIP = NO;
				DEBUG_INFORMATION_FORMAT = "dwarf-with-dsym";
				ENABLE_NS_ASSERTIONS = NO;
				ENABLE_STRICT_OBJC_MSGSEND = YES;
				ENABLE_USER_SCRIPT_SANDBOXING = YES;
				GCC_C_LANGUAGE_STANDARD = gnu17;
				GCC_NO_COMMON_BLOCKS = YES;
				GCC_WARN_64_TO_32_BIT_CONVERSION = YES;
				GCC_WARN_ABOUT_RETURN_TYPE = YES_ERROR;
				GCC_WARN_UNDECLARED_SELECTOR = YES;
				GCC_WARN_UNINITIALIZED_AUTOS = YES_AGGRESSIVE;
				GCC_WARN_UNUSED_FUNCTION = YES;
				GCC_WARN_UNUSED_VARIABLE = YES;
				IPHONEOS_DEPLOYMENT_TARGET = 17.4;
				LOCALIZATION_PREFERS_STRING_CATALOGS = YES;
				MTL_ENABLE_DEBUG_INFO = NO;
				MTL_FAST_MATH = YES;
				SDKROOT = iphoneos;
				SWIFT_COMPILATION_MODE = wholemodule;
				VALIDATE_PRODUCT = YES;
			};
			name = Release;
		};
		AEFF8B572C09B33200F20364 /* Debug */ = {
			isa = XCBuildConfiguration;
			buildSettings = {
				ASSETCATALOG_COMPILER_APPICON_NAME = AppIcon;
				ASSETCATALOG_COMPILER_GLOBAL_ACCENT_COLOR_NAME = AccentColor;
				CODE_SIGN_STYLE = Automatic;
				CURRENT_PROJECT_VERSION = 1;
				DEVELOPMENT_TEAM = J6767NCB7S;
				GENERATE_INFOPLIST_FILE = YES;
				INFOPLIST_FILE = JobApplicationTask/Info.plist;
				INFOPLIST_KEY_UIApplicationSupportsIndirectInputEvents = YES;
				INFOPLIST_KEY_UILaunchStoryboardName = LaunchScreen;
				INFOPLIST_KEY_UIMainStoryboardFile = Main;
				INFOPLIST_KEY_UISupportedInterfaceOrientations_iPad = "UIInterfaceOrientationPortrait UIInterfaceOrientationPortraitUpsideDown UIInterfaceOrientationLandscapeLeft UIInterfaceOrientationLandscapeRight";
				INFOPLIST_KEY_UISupportedInterfaceOrientations_iPhone = "UIInterfaceOrientationPortrait UIInterfaceOrientationLandscapeLeft UIInterfaceOrientationLandscapeRight";
				LD_RUNPATH_SEARCH_PATHS = (
					"$(inherited)",
					"@executable_path/Frameworks",
				);
				MARKETING_VERSION = 1.0;
				PRODUCT_BUNDLE_IDENTIFIER = com.serdaraltindas.JobApplicationTask;
				PRODUCT_NAME = "$(TARGET_NAME)";
				SWIFT_EMIT_LOC_STRINGS = YES;
				SWIFT_VERSION = 5.0;
				TARGETED_DEVICE_FAMILY = "1,2";
			};
			name = Debug;
		};
		AEFF8B582C09B33200F20364 /* Release */ = {
			isa = XCBuildConfiguration;
			buildSettings = {
				ASSETCATALOG_COMPILER_APPICON_NAME = AppIcon;
				ASSETCATALOG_COMPILER_GLOBAL_ACCENT_COLOR_NAME = AccentColor;
				CODE_SIGN_STYLE = Automatic;
				CURRENT_PROJECT_VERSION = 1;
				DEVELOPMENT_TEAM = J6767NCB7S;
				GENERATE_INFOPLIST_FILE = YES;
				INFOPLIST_FILE = JobApplicationTask/Info.plist;
				INFOPLIST_KEY_UIApplicationSupportsIndirectInputEvents = YES;
				INFOPLIST_KEY_UILaunchStoryboardName = LaunchScreen;
				INFOPLIST_KEY_UIMainStoryboardFile = Main;
				INFOPLIST_KEY_UISupportedInterfaceOrientations_iPad = "UIInterfaceOrientationPortrait UIInterfaceOrientationPortraitUpsideDown UIInterfaceOrientationLandscapeLeft UIInterfaceOrientationLandscapeRight";
				INFOPLIST_KEY_UISupportedInterfaceOrientations_iPhone = "UIInterfaceOrientationPortrait UIInterfaceOrientationLandscapeLeft UIInterfaceOrientationLandscapeRight";
				LD_RUNPATH_SEARCH_PATHS = (
					"$(inherited)",
					"@executable_path/Frameworks",
				);
				MARKETING_VERSION = 1.0;
				PRODUCT_BUNDLE_IDENTIFIER = com.serdaraltindas.JobApplicationTask;
				PRODUCT_NAME = "$(TARGET_NAME)";
				SWIFT_EMIT_LOC_STRINGS = YES;
				SWIFT_VERSION = 5.0;
				TARGETED_DEVICE_FAMILY = "1,2";
			};
			name = Release;
		};
		AEFF8B5A2C09B33200F20364 /* Debug */ = {
			isa = XCBuildConfiguration;
			buildSettings = {
				ALWAYS_EMBED_SWIFT_STANDARD_LIBRARIES = YES;
				BUNDLE_LOADER = "$(TEST_HOST)";
				CODE_SIGN_STYLE = Automatic;
				CURRENT_PROJECT_VERSION = 1;
				DEVELOPMENT_TEAM = J6767NCB7S;
				GENERATE_INFOPLIST_FILE = YES;
				IPHONEOS_DEPLOYMENT_TARGET = 17.4;
				MARKETING_VERSION = 1.0;
				PRODUCT_BUNDLE_IDENTIFIER = com.serdaraltindas.JobApplicationTaskTests;
				PRODUCT_NAME = "$(TARGET_NAME)";
				SWIFT_EMIT_LOC_STRINGS = NO;
				SWIFT_VERSION = 5.0;
				TARGETED_DEVICE_FAMILY = "1,2";
				TEST_HOST = "$(BUILT_PRODUCTS_DIR)/JobApplicationTask.app/$(BUNDLE_EXECUTABLE_FOLDER_PATH)/JobApplicationTask";
			};
			name = Debug;
		};
		AEFF8B5B2C09B33200F20364 /* Release */ = {
			isa = XCBuildConfiguration;
			buildSettings = {
				ALWAYS_EMBED_SWIFT_STANDARD_LIBRARIES = YES;
				BUNDLE_LOADER = "$(TEST_HOST)";
				CODE_SIGN_STYLE = Automatic;
				CURRENT_PROJECT_VERSION = 1;
				DEVELOPMENT_TEAM = J6767NCB7S;
				GENERATE_INFOPLIST_FILE = YES;
				IPHONEOS_DEPLOYMENT_TARGET = 17.4;
				MARKETING_VERSION = 1.0;
				PRODUCT_BUNDLE_IDENTIFIER = com.serdaraltindas.JobApplicationTaskTests;
				PRODUCT_NAME = "$(TARGET_NAME)";
				SWIFT_EMIT_LOC_STRINGS = NO;
				SWIFT_VERSION = 5.0;
				TARGETED_DEVICE_FAMILY = "1,2";
				TEST_HOST = "$(BUILT_PRODUCTS_DIR)/JobApplicationTask.app/$(BUNDLE_EXECUTABLE_FOLDER_PATH)/JobApplicationTask";
			};
			name = Release;
		};
		AEFF8B5D2C09B33200F20364 /* Debug */ = {
			isa = XCBuildConfiguration;
			buildSettings = {
				ALWAYS_EMBED_SWIFT_STANDARD_LIBRARIES = YES;
				CODE_SIGN_STYLE = Automatic;
				CURRENT_PROJECT_VERSION = 1;
				DEVELOPMENT_TEAM = J6767NCB7S;
				GENERATE_INFOPLIST_FILE = YES;
				MARKETING_VERSION = 1.0;
				PRODUCT_BUNDLE_IDENTIFIER = com.serdaraltindas.JobApplicationTaskUITests;
				PRODUCT_NAME = "$(TARGET_NAME)";
				SWIFT_EMIT_LOC_STRINGS = NO;
				SWIFT_VERSION = 5.0;
				TARGETED_DEVICE_FAMILY = "1,2";
				TEST_TARGET_NAME = JobApplicationTask;
			};
			name = Debug;
		};
		AEFF8B5E2C09B33200F20364 /* Release */ = {
			isa = XCBuildConfiguration;
			buildSettings = {
				ALWAYS_EMBED_SWIFT_STANDARD_LIBRARIES = YES;
				CODE_SIGN_STYLE = Automatic;
				CURRENT_PROJECT_VERSION = 1;
				DEVELOPMENT_TEAM = J6767NCB7S;
				GENERATE_INFOPLIST_FILE = YES;
				MARKETING_VERSION = 1.0;
				PRODUCT_BUNDLE_IDENTIFIER = com.serdaraltindas.JobApplicationTaskUITests;
				PRODUCT_NAME = "$(TARGET_NAME)";
				SWIFT_EMIT_LOC_STRINGS = NO;
				SWIFT_VERSION = 5.0;
				TARGETED_DEVICE_FAMILY = "1,2";
				TEST_TARGET_NAME = JobApplicationTask;
			};
			name = Release;
		};
/* End XCBuildConfiguration section */

/* Begin XCConfigurationList section */
		AEFF8B272C09B33100F20364 /* Build configuration list for PBXProject "JobApplicationTask" */ = {
			isa = XCConfigurationList;
			buildConfigurations = (
				AEFF8B542C09B33200F20364 /* Debug */,
				AEFF8B552C09B33200F20364 /* Release */,
			);
			defaultConfigurationIsVisible = 0;
			defaultConfigurationName = Release;
		};
		AEFF8B562C09B33200F20364 /* Build configuration list for PBXNativeTarget "JobApplicationTask" */ = {
			isa = XCConfigurationList;
			buildConfigurations = (
				AEFF8B572C09B33200F20364 /* Debug */,
				AEFF8B582C09B33200F20364 /* Release */,
			);
			defaultConfigurationIsVisible = 0;
			defaultConfigurationName = Release;
		};
		AEFF8B592C09B33200F20364 /* Build configuration list for PBXNativeTarget "JobApplicationTaskTests" */ = {
			isa = XCConfigurationList;
			buildConfigurations = (
				AEFF8B5A2C09B33200F20364 /* Debug */,
				AEFF8B5B2C09B33200F20364 /* Release */,
			);
			defaultConfigurationIsVisible = 0;
			defaultConfigurationName = Release;
		};
		AEFF8B5C2C09B33200F20364 /* Build configuration list for PBXNativeTarget "JobApplicationTaskUITests" */ = {
			isa = XCConfigurationList;
			buildConfigurations = (
				AEFF8B5D2C09B33200F20364 /* Debug */,
				AEFF8B5E2C09B33200F20364 /* Release */,
			);
			defaultConfigurationIsVisible = 0;
			defaultConfigurationName = Release;
		};
/* End XCConfigurationList section */
	};
	rootObject = AEFF8B242C09B33100F20364 /* Project object */;
}
